
Microsoft Visual Studio Solution File, Format Version 12.00
# Visual Studio Version 17
VisualStudioVersion = 17.1.32421.90
MinimumVisualStudioVersion = 10.0.40219.1
Project("{9A19103F-16F7-4668-BE54-9A1E7A4F7556}") = "QueueMassTransit.Sender", "QueueMassTransit\QueueMassTransit.Sender.csproj", "{9875A0C2-CB47-47BD-B289-3724F2CFE239}"
EndProject
Project("{9A19103F-16F7-4668-BE54-9A1E7A4F7556}") = "QueueMassTransit.Consumer", "QueueMassTransit.Consumer\QueueMassTransit.Consumer.csproj", "{995A4E26-347E-47C1-A5AD-2C8193D3FD73}"
EndProject
Project("{9A19103F-16F7-4668-BE54-9A1E7A4F7556}") = "SharedMessage", "SharedMessage\SharedMessage.csproj", "{0B1A476D-0515-4F34-BB1A-705725342288}"
EndProject
Project("{E53339B2-1760-4266-BCC7-CA923CBCF16C}") = "docker-compose", "docker-compose.dcproj", "{7564B4CD-B5BA-4750-B668-56FD183B5678}"
EndProject
Global
	GlobalSection(SolutionConfigurationPlatforms) = preSolution
		Debug|Any CPU = Debug|Any CPU
		Release|Any CPU = Release|Any CPU
	EndGlobalSection
	GlobalSection(ProjectConfigurationPlatforms) = postSolution
		{9875A0C2-CB47-47BD-B289-3724F2CFE239}.Debug|Any CPU.ActiveCfg = Debug|Any CPU
		{9875A0C2-CB47-47BD-B289-3724F2CFE239}.Debug|Any CPU.Build.0 = Debug|Any CPU
		{9875A0C2-CB47-47BD-B289-3724F2CFE239}.Release|Any CPU.ActiveCfg = Release|Any CPU
		{9875A0C2-CB47-47BD-B289-3724F2CFE239}.Release|Any CPU.Build.0 = Release|Any CPU
		{995A4E26-347E-47C1-A5AD-2C8193D3FD73}.Debug|Any CPU.ActiveCfg = Debug|Any CPU
		{995A4E26-347E-47C1-A5AD-2C8193D3FD73}.Debug|Any CPU.Build.0 = Debug|Any CPU
		{995A4E26-347E-47C1-A5AD-2C8193D3FD73}.Release|Any CPU.ActiveCfg = Release|Any CPU
		{995A4E26-347E-47C1-A5AD-2C8193D3FD73}.Release|Any CPU.Build.0 = Release|Any CPU
		{0B1A476D-0515-4F34-BB1A-705725342288}.Debug|Any CPU.ActiveCfg = Debug|Any CPU
		{0B1A476D-0515-4F34-BB1A-705725342288}.Debug|Any CPU.Build.0 = Debug|Any CPU
		{0B1A476D-0515-4F34-BB1A-705725342288}.Release|Any CPU.ActiveCfg = Release|Any CPU
		{0B1A476D-0515-4F34-BB1A-705725342288}.Release|Any CPU.Build.0 = Release|Any CPU
		{7564B4CD-B5BA-4750-B668-56FD183B5678}.Debug|Any CPU.ActiveCfg = Debug|Any CPU
		{7564B4CD-B5BA-4750-B668-56FD183B5678}.Debug|Any CPU.Build.0 = Debug|Any CPU
		{7564B4CD-B5BA-4750-B668-56FD183B5678}.Release|Any CPU.ActiveCfg = Release|Any CPU
		{7564B4CD-B5BA-4750-B668-56FD183B5678}.Release|Any CPU.Build.0 = Release|Any CPU
	EndGlobalSection
	GlobalSection(SolutionProperties) = preSolution
		HideSolutionNode = FALSE
	EndGlobalSection
	GlobalSection(ExtensibilityGlobals) = postSolution
		SolutionGuid = {146F5D88-34EC-4CBA-AA72-9D475085DD19}
	EndGlobalSection
EndGlobal
